// !$*UTF8*$!
{
	archiveVersion = 1;
	classes = {
	};
	objectVersion = 55;
	objects = {

/* Begin PBXBuildFile section */
		6D492FBD2864512700A5C7C9 /* CurrentWeather.swift in Sources */ = {isa = PBXBuildFile; fileRef = 6D492FBC2864512600A5C7C9 /* CurrentWeather.swift */; };
		6D492FBF2864579E00A5C7C9 /* CurrentWeatherView.swift in Sources */ = {isa = PBXBuildFile; fileRef = 6D492FBE2864579E00A5C7C9 /* CurrentWeatherView.swift */; };
		6D492FC12864584D00A5C7C9 /* Helper.swift in Sources */ = {isa = PBXBuildFile; fileRef = 6D492FC02864584D00A5C7C9 /* Helper.swift */; };
		6D492FC32864673300A5C7C9 /* Forecast.swift in Sources */ = {isa = PBXBuildFile; fileRef = 6D492FC22864673300A5C7C9 /* Forecast.swift */; };
		6D5516D52868AC4F0093A0A7 /* HourlyForecastView.swift in Sources */ = {isa = PBXBuildFile; fileRef = 6D5516D42868AC4F0093A0A7 /* HourlyForecastView.swift */; };
		6D5516D72868AC610093A0A7 /* FiveDayForecaseView.swift in Sources */ = {isa = PBXBuildFile; fileRef = 6D5516D62868AC610093A0A7 /* FiveDayForecaseView.swift */; };
		6D6664CC2860EEB900903D7B /* Location.swift in Sources */ = {isa = PBXBuildFile; fileRef = 6D6664CB2860EEB900903D7B /* Location.swift */; };
		6D7E6DA62860650D00BFD2EC /* WeatherStashApp.swift in Sources */ = {isa = PBXBuildFile; fileRef = 6D7E6DA52860650D00BFD2EC /* WeatherStashApp.swift */; };
		6D7E6DA82860650D00BFD2EC /* ContentView.swift in Sources */ = {isa = PBXBuildFile; fileRef = 6D7E6DA72860650D00BFD2EC /* ContentView.swift */; };
		6D7E6DAA2860651300BFD2EC /* Assets.xcassets in Resources */ = {isa = PBXBuildFile; fileRef = 6D7E6DA92860651300BFD2EC /* Assets.xcassets */; };
		6D7E6DAD2860651300BFD2EC /* Preview Assets.xcassets in Resources */ = {isa = PBXBuildFile; fileRef = 6D7E6DAC2860651300BFD2EC /* Preview Assets.xcassets */; };
		6D7E6DC02860761100BFD2EC /* Config.swift in Sources */ = {isa = PBXBuildFile; fileRef = 6D7E6DBF2860761100BFD2EC /* Config.swift */; };
		6D7E6DC22860767000BFD2EC /* .gitignore in Resources */ = {isa = PBXBuildFile; fileRef = 6D7E6DC12860767000BFD2EC /* .gitignore */; };
		6D9E34BA2863035D0071061E /* CityCell.swift in Sources */ = {isa = PBXBuildFile; fileRef = 6D9E34B92863035D0071061E /* CityCell.swift */; };
		6DC7D8DC2861A95900E54DEB /* SearchView.swift in Sources */ = {isa = PBXBuildFile; fileRef = 6DC7D8DB2861A95900E54DEB /* SearchView.swift */; };
		6DC7D8DE2861A96700E54DEB /* SearchBar.swift in Sources */ = {isa = PBXBuildFile; fileRef = 6DC7D8DD2861A96700E54DEB /* SearchBar.swift */; };
		6DC7D8E12861A9BB00E54DEB /* LocationService.swift in Sources */ = {isa = PBXBuildFile; fileRef = 6DC7D8E02861A9BB00E54DEB /* LocationService.swift */; };
/* End PBXBuildFile section */

/* Begin PBXFileReference section */
		6D492FBC2864512600A5C7C9 /* CurrentWeather.swift */ = {isa = PBXFileReference; lastKnownFileType = sourcecode.swift; name = CurrentWeather.swift; path = WeatherStash/View/CurrentWeather.swift; sourceTree = SOURCE_ROOT; };
		6D492FBE2864579E00A5C7C9 /* CurrentWeatherView.swift */ = {isa = PBXFileReference; lastKnownFileType = sourcecode.swift; path = CurrentWeatherView.swift; sourceTree = "<group>"; };
		6D492FC02864584D00A5C7C9 /* Helper.swift */ = {isa = PBXFileReference; lastKnownFileType = sourcecode.swift; path = Helper.swift; sourceTree = "<group>"; };
		6D492FC22864673300A5C7C9 /* Forecast.swift */ = {isa = PBXFileReference; lastKnownFileType = sourcecode.swift; name = Forecast.swift; path = WeatherStash/Services/Forecast.swift; sourceTree = SOURCE_ROOT; };
		6D5516D42868AC4F0093A0A7 /* HourlyForecastView.swift */ = {isa = PBXFileReference; lastKnownFileType = sourcecode.swift; path = HourlyForecastView.swift; sourceTree = "<group>"; };
		6D5516D62868AC610093A0A7 /* FiveDayForecaseView.swift */ = {isa = PBXFileReference; lastKnownFileType = sourcecode.swift; path = FiveDayForecaseView.swift; sourceTree = "<group>"; };
		6D6664CB2860EEB900903D7B /* Location.swift */ = {isa = PBXFileReference; lastKnownFileType = sourcecode.swift; path = Location.swift; sourceTree = SOURCE_ROOT; };
		6D7E6DA22860650D00BFD2EC /* WeatherStash.app */ = {isa = PBXFileReference; explicitFileType = wrapper.application; includeInIndex = 0; path = WeatherStash.app; sourceTree = BUILT_PRODUCTS_DIR; };
		6D7E6DA52860650D00BFD2EC /* WeatherStashApp.swift */ = {isa = PBXFileReference; lastKnownFileType = sourcecode.swift; path = WeatherStashApp.swift; sourceTree = "<group>"; };
		6D7E6DA72860650D00BFD2EC /* ContentView.swift */ = {isa = PBXFileReference; lastKnownFileType = sourcecode.swift; path = ContentView.swift; sourceTree = "<group>"; };
		6D7E6DA92860651300BFD2EC /* Assets.xcassets */ = {isa = PBXFileReference; lastKnownFileType = folder.assetcatalog; path = Assets.xcassets; sourceTree = "<group>"; };
		6D7E6DAC2860651300BFD2EC /* Preview Assets.xcassets */ = {isa = PBXFileReference; lastKnownFileType = folder.assetcatalog; path = "Preview Assets.xcassets"; sourceTree = "<group>"; };
		6D7E6DBF2860761100BFD2EC /* Config.swift */ = {isa = PBXFileReference; lastKnownFileType = sourcecode.swift; name = Config.swift; path = WeatherStash/Services/Config.swift; sourceTree = SOURCE_ROOT; };
		6D7E6DC12860767000BFD2EC /* .gitignore */ = {isa = PBXFileReference; lastKnownFileType = text; path = .gitignore; sourceTree = "<group>"; };
		6D9E34B82862FAC20071061E /* Info.plist */ = {isa = PBXFileReference; lastKnownFileType = text.plist; path = Info.plist; sourceTree = "<group>"; };
		6D9E34B92863035D0071061E /* CityCell.swift */ = {isa = PBXFileReference; lastKnownFileType = sourcecode.swift; path = CityCell.swift; sourceTree = "<group>"; };
		6DC7D8DB2861A95900E54DEB /* SearchView.swift */ = {isa = PBXFileReference; lastKnownFileType = sourcecode.swift; path = SearchView.swift; sourceTree = "<group>"; };
		6DC7D8DD2861A96700E54DEB /* SearchBar.swift */ = {isa = PBXFileReference; lastKnownFileType = sourcecode.swift; path = SearchBar.swift; sourceTree = "<group>"; };
		6DC7D8E02861A9BB00E54DEB /* LocationService.swift */ = {isa = PBXFileReference; lastKnownFileType = sourcecode.swift; path = LocationService.swift; sourceTree = "<group>"; };
/* End PBXFileReference section */

/* Begin PBXFrameworksBuildPhase section */
		6D7E6D9F2860650D00BFD2EC /* Frameworks */ = {
			isa = PBXFrameworksBuildPhase;
			buildActionMask = 2147483647;
			files = (
			);
			runOnlyForDeploymentPostprocessing = 0;
		};
/* End PBXFrameworksBuildPhase section */

/* Begin PBXGroup section */
		6D7E6D992860650D00BFD2EC = {
			isa = PBXGroup;
			children = (
				6D7E6DC12860767000BFD2EC /* .gitignore */,
				6D7E6DA42860650D00BFD2EC /* WeatherStash */,
				6D7E6DA32860650D00BFD2EC /* Products */,
			);
			sourceTree = "<group>";
		};
		6D7E6DA32860650D00BFD2EC /* Products */ = {
			isa = PBXGroup;
			children = (
				6D7E6DA22860650D00BFD2EC /* WeatherStash.app */,
			);
			name = Products;
			sourceTree = "<group>";
		};
		6D7E6DA42860650D00BFD2EC /* WeatherStash */ = {
			isa = PBXGroup;
			children = (
				6D9E34B82862FAC20071061E /* Info.plist */,
				6DC7D8DF2861A98500E54DEB /* Services */,
				6D7E6DB32860652F00BFD2EC /* App */,
				6D7E6DB42860654800BFD2EC /* Model */,
				6D7E6DAB2860651300BFD2EC /* Preview Content */,
				6D7E6DB52860655D00BFD2EC /* View */,
			);
			path = WeatherStash;
			sourceTree = "<group>";
		};
		6D7E6DAB2860651300BFD2EC /* Preview Content */ = {
			isa = PBXGroup;
			children = (
				6D7E6DAC2860651300BFD2EC /* Preview Assets.xcassets */,
			);
			path = "Preview Content";
			sourceTree = "<group>";
		};
		6D7E6DB32860652F00BFD2EC /* App */ = {
			isa = PBXGroup;
			children = (
				6D7E6DA52860650D00BFD2EC /* WeatherStashApp.swift */,
				6D7E6DA92860651300BFD2EC /* Assets.xcassets */,
			);
			path = App;
			sourceTree = "<group>";
		};
		6D7E6DB42860654800BFD2EC /* Model */ = {
			isa = PBXGroup;
			children = (
				6D6664CB2860EEB900903D7B /* Location.swift */,
				6D492FBC2864512600A5C7C9 /* CurrentWeather.swift */,
				6D492FC22864673300A5C7C9 /* Forecast.swift */,
			);
			path = Model;
			sourceTree = "<group>";
		};
		6D7E6DB52860655D00BFD2EC /* View */ = {
			isa = PBXGroup;
			children = (
				6D7E6DA72860650D00BFD2EC /* ContentView.swift */,
				6DC7D8DB2861A95900E54DEB /* SearchView.swift */,
				6DC7D8DD2861A96700E54DEB /* SearchBar.swift */,
				6D9E34B92863035D0071061E /* CityCell.swift */,
				6D492FBE2864579E00A5C7C9 /* CurrentWeatherView.swift */,
				6D5516D42868AC4F0093A0A7 /* HourlyForecastView.swift */,
				6D5516D62868AC610093A0A7 /* FiveDayForecaseView.swift */,
			);
			path = View;
			sourceTree = "<group>";
		};
		6DC7D8DF2861A98500E54DEB /* Services */ = {
			isa = PBXGroup;
			children = (
				6D7E6DBF2860761100BFD2EC /* Config.swift */,
				6DC7D8E02861A9BB00E54DEB /* LocationService.swift */,
				6D492FC02864584D00A5C7C9 /* Helper.swift */,
			);
			path = Services;
			sourceTree = "<group>";
		};
/* End PBXGroup section */

/* Begin PBXNativeTarget section */
		6D7E6DA12860650D00BFD2EC /* WeatherStash */ = {
			isa = PBXNativeTarget;
			buildConfigurationList = 6D7E6DB02860651300BFD2EC /* Build configuration list for PBXNativeTarget "WeatherStash" */;
			buildPhases = (
				6D7E6D9E2860650D00BFD2EC /* Sources */,
				6D7E6D9F2860650D00BFD2EC /* Frameworks */,
				6D7E6DA02860650D00BFD2EC /* Resources */,
			);
			buildRules = (
			);
			dependencies = (
			);
			name = WeatherStash;
			productName = WeatherStash;
			productReference = 6D7E6DA22860650D00BFD2EC /* WeatherStash.app */;
			productType = "com.apple.product-type.application";
		};
/* End PBXNativeTarget section */

/* Begin PBXProject section */
		6D7E6D9A2860650D00BFD2EC /* Project object */ = {
			isa = PBXProject;
			attributes = {
				BuildIndependentTargetsInParallel = 1;
				LastSwiftUpdateCheck = 1340;
				LastUpgradeCheck = 1340;
				TargetAttributes = {
					6D7E6DA12860650D00BFD2EC = {
						CreatedOnToolsVersion = 13.4.1;
					};
				};
			};
			buildConfigurationList = 6D7E6D9D2860650D00BFD2EC /* Build configuration list for PBXProject "WeatherStash" */;
			compatibilityVersion = "Xcode 13.0";
			developmentRegion = en;
			hasScannedForEncodings = 0;
			knownRegions = (
				en,
				Base,
			);
			mainGroup = 6D7E6D992860650D00BFD2EC;
			productRefGroup = 6D7E6DA32860650D00BFD2EC /* Products */;
			projectDirPath = "";
			projectRoot = "";
			targets = (
				6D7E6DA12860650D00BFD2EC /* WeatherStash */,
			);
		};
/* End PBXProject section */

/* Begin PBXResourcesBuildPhase section */
		6D7E6DA02860650D00BFD2EC /* Resources */ = {
			isa = PBXResourcesBuildPhase;
			buildActionMask = 2147483647;
			files = (
				6D7E6DAD2860651300BFD2EC /* Preview Assets.xcassets in Resources */,
				6D7E6DC22860767000BFD2EC /* .gitignore in Resources */,
				6D7E6DAA2860651300BFD2EC /* Assets.xcassets in Resources */,
			);
			runOnlyForDeploymentPostprocessing = 0;
		};
/* End PBXResourcesBuildPhase section */

/* Begin PBXSourcesBuildPhase section */
		6D7E6D9E2860650D00BFD2EC /* Sources */ = {
			isa = PBXSourcesBuildPhase;
			buildActionMask = 2147483647;
			files = (
				6D492FC12864584D00A5C7C9 /* Helper.swift in Sources */,
				6D5516D72868AC610093A0A7 /* FiveDayForecaseView.swift in Sources */,
				6DC7D8E12861A9BB00E54DEB /* LocationService.swift in Sources */,
				6DC7D8DC2861A95900E54DEB /* SearchView.swift in Sources */,
				6D9E34BA2863035D0071061E /* CityCell.swift in Sources */,
				6D492FC32864673300A5C7C9 /* Forecast.swift in Sources */,
				6D492FBF2864579E00A5C7C9 /* CurrentWeatherView.swift in Sources */,
				6D7E6DA82860650D00BFD2EC /* ContentView.swift in Sources */,
				6D492FBD2864512700A5C7C9 /* CurrentWeather.swift in Sources */,
				6D7E6DA62860650D00BFD2EC /* WeatherStashApp.swift in Sources */,
				6D6664CC2860EEB900903D7B /* Location.swift in Sources */,
				6D5516D52868AC4F0093A0A7 /* HourlyForecastView.swift in Sources */,
				6D7E6DC02860761100BFD2EC /* Config.swift in Sources */,
				6DC7D8DE2861A96700E54DEB /* SearchBar.swift in Sources */,
			);
			runOnlyForDeploymentPostprocessing = 0;
		};
/* End PBXSourcesBuildPhase section */

/* Begin XCBuildConfiguration section */
		6D7E6DAE2860651300BFD2EC /* Debug */ = {
			isa = XCBuildConfiguration;
			buildSettings = {
				ALWAYS_SEARCH_USER_PATHS = NO;
				CLANG_ANALYZER_NONNULL = YES;
				CLANG_ANALYZER_NUMBER_OBJECT_CONVERSION = YES_AGGRESSIVE;
				CLANG_CXX_LANGUAGE_STANDARD = "gnu++17";
				CLANG_ENABLE_MODULES = YES;
				CLANG_ENABLE_OBJC_ARC = YES;
				CLANG_ENABLE_OBJC_WEAK = YES;
				CLANG_WARN_BLOCK_CAPTURE_AUTORELEASING = YES;
				CLANG_WARN_BOOL_CONVERSION = YES;
				CLANG_WARN_COMMA = YES;
				CLANG_WARN_CONSTANT_CONVERSION = YES;
				CLANG_WARN_DEPRECATED_OBJC_IMPLEMENTATIONS = YES;
				CLANG_WARN_DIRECT_OBJC_ISA_USAGE = YES_ERROR;
				CLANG_WARN_DOCUMENTATION_COMMENTS = YES;
				CLANG_WARN_EMPTY_BODY = YES;
				CLANG_WARN_ENUM_CONVERSION = YES;
				CLANG_WARN_INFINITE_RECURSION = YES;
				CLANG_WARN_INT_CONVERSION = YES;
				CLANG_WARN_NON_LITERAL_NULL_CONVERSION = YES;
				CLANG_WARN_OBJC_IMPLICIT_RETAIN_SELF = YES;
				CLANG_WARN_OBJC_LITERAL_CONVERSION = YES;
				CLANG_WARN_OBJC_ROOT_CLASS = YES_ERROR;
				CLANG_WARN_QUOTED_INCLUDE_IN_FRAMEWORK_HEADER = YES;
				CLANG_WARN_RANGE_LOOP_ANALYSIS = YES;
				CLANG_WARN_STRICT_PROTOTYPES = YES;
				CLANG_WARN_SUSPICIOUS_MOVE = YES;
				CLANG_WARN_UNGUARDED_AVAILABILITY = YES_AGGRESSIVE;
				CLANG_WARN_UNREACHABLE_CODE = YES;
				CLANG_WARN__DUPLICATE_METHOD_MATCH = YES;
				COPY_PHASE_STRIP = NO;
				DEBUG_INFORMATION_FORMAT = dwarf;
				ENABLE_STRICT_OBJC_MSGSEND = YES;
				ENABLE_TESTABILITY = YES;
				GCC_C_LANGUAGE_STANDARD = gnu11;
				GCC_DYNAMIC_NO_PIC = NO;
				GCC_NO_COMMON_BLOCKS = YES;
				GCC_OPTIMIZATION_LEVEL = 0;
				GCC_PREPROCESSOR_DEFINITIONS = (
					"DEBUG=1",
					"$(inherited)",
				);
				GCC_WARN_64_TO_32_BIT_CONVERSION = YES;
				GCC_WARN_ABOUT_RETURN_TYPE = YES_ERROR;
				GCC_WARN_UNDECLARED_SELECTOR = YES;
				GCC_WARN_UNINITIALIZED_AUTOS = YES_AGGRESSIVE;
				GCC_WARN_UNUSED_FUNCTION = YES;
				GCC_WARN_UNUSED_VARIABLE = YES;
				IPHONEOS_DEPLOYMENT_TARGET = 15.5;
				MTL_ENABLE_DEBUG_INFO = INCLUDE_SOURCE;
				MTL_FAST_MATH = YES;
				ONLY_ACTIVE_ARCH = YES;
				SDKROOT = iphoneos;
				SWIFT_ACTIVE_COMPILATION_CONDITIONS = DEBUG;
				SWIFT_OPTIMIZATION_LEVEL = "-Onone";
			};
			name = Debug;
		};
		6D7E6DAF2860651300BFD2EC /* Release */ = {
			isa = XCBuildConfiguration;
			buildSettings = {
				ALWAYS_SEARCH_USER_PATHS = NO;
				CLANG_ANALYZER_NONNULL = YES;
				CLANG_ANALYZER_NUMBER_OBJECT_CONVERSION = YES_AGGRESSIVE;
				CLANG_CXX_LANGUAGE_STANDARD = "gnu++17";
				CLANG_ENABLE_MODULES = YES;
				CLANG_ENABLE_OBJC_ARC = YES;
				CLANG_ENABLE_OBJC_WEAK = YES;
				CLANG_WARN_BLOCK_CAPTURE_AUTORELEASING = YES;
				CLANG_WARN_BOOL_CONVERSION = YES;
				CLANG_WARN_COMMA = YES;
				CLANG_WARN_CONSTANT_CONVERSION = YES;
				CLANG_WARN_DEPRECATED_OBJC_IMPLEMENTATIONS = YES;
				CLANG_WARN_DIRECT_OBJC_ISA_USAGE = YES_ERROR;
				CLANG_WARN_DOCUMENTATION_COMMENTS = YES;
				CLANG_WARN_EMPTY_BODY = YES;
				CLANG_WARN_ENUM_CONVERSION = YES;
				CLANG_WARN_INFINITE_RECURSION = YES;
				CLANG_WARN_INT_CONVERSION = YES;
				CLANG_WARN_NON_LITERAL_NULL_CONVERSION = YES;
				CLANG_WARN_OBJC_IMPLICIT_RETAIN_SELF = YES;
				CLANG_WARN_OBJC_LITERAL_CONVERSION = YES;
				CLANG_WARN_OBJC_ROOT_CLASS = YES_ERROR;
				CLANG_WARN_QUOTED_INCLUDE_IN_FRAMEWORK_HEADER = YES;
				CLANG_WARN_RANGE_LOOP_ANALYSIS = YES;
				CLANG_WARN_STRICT_PROTOTYPES = YES;
				CLANG_WARN_SUSPICIOUS_MOVE = YES;
				CLANG_WARN_UNGUARDED_AVAILABILITY = YES_AGGRESSIVE;
				CLANG_WARN_UNREACHABLE_CODE = YES;
				CLANG_WARN__DUPLICATE_METHOD_MATCH = YES;
				COPY_PHASE_STRIP = NO;
				DEBUG_INFORMATION_FORMAT = "dwarf-with-dsym";
				ENABLE_NS_ASSERTIONS = NO;
				ENABLE_STRICT_OBJC_MSGSEND = YES;
				GCC_C_LANGUAGE_STANDARD = gnu11;
				GCC_NO_COMMON_BLOCKS = YES;
				GCC_WARN_64_TO_32_BIT_CONVERSION = YES;
				GCC_WARN_ABOUT_RETURN_TYPE = YES_ERROR;
				GCC_WARN_UNDECLARED_SELECTOR = YES;
				GCC_WARN_UNINITIALIZED_AUTOS = YES_AGGRESSIVE;
				GCC_WARN_UNUSED_FUNCTION = YES;
				GCC_WARN_UNUSED_VARIABLE = YES;
				IPHONEOS_DEPLOYMENT_TARGET = 15.5;
				MTL_ENABLE_DEBUG_INFO = NO;
				MTL_FAST_MATH = YES;
				SDKROOT = iphoneos;
				SWIFT_COMPILATION_MODE = wholemodule;
				SWIFT_OPTIMIZATION_LEVEL = "-O";
				VALIDATE_PRODUCT = YES;
			};
			name = Release;
		};
		6D7E6DB12860651300BFD2EC /* Debug */ = {
			isa = XCBuildConfiguration;
			buildSettings = {
				ASSETCATALOG_COMPILER_APPICON_NAME = AppIcon;
				ASSETCATALOG_COMPILER_GLOBAL_ACCENT_COLOR_NAME = AccentColor;
				CODE_SIGN_STYLE = Automatic;
				CURRENT_PROJECT_VERSION = 1;
				DEVELOPMENT_ASSET_PATHS = "\"WeatherStash/Preview Content\"";
				DEVELOPMENT_TEAM = JFFU48W339;
				ENABLE_PREVIEWS = YES;
				GENERATE_INFOPLIST_FILE = YES;
				INFOPLIST_FILE = WeatherStash/Info.plist;
				INFOPLIST_KEY_UIApplicationSceneManifest_Generation = YES;
				INFOPLIST_KEY_UIApplicationSupportsIndirectInputEvents = YES;
				INFOPLIST_KEY_UILaunchScreen_Generation = YES;
				INFOPLIST_KEY_UISupportedInterfaceOrientations_iPad = "UIInterfaceOrientationPortrait UIInterfaceOrientationPortraitUpsideDown UIInterfaceOrientationLandscapeLeft UIInterfaceOrientationLandscapeRight";
				INFOPLIST_KEY_UISupportedInterfaceOrientations_iPhone = "UIInterfaceOrientationPortrait UIInterfaceOrientationLandscapeLeft UIInterfaceOrientationLandscapeRight";
				LD_RUNPATH_SEARCH_PATHS = (
					"$(inherited)",
					"@executable_path/Frameworks",
				);
				MARKETING_VERSION = 1.0;
				PRODUCT_BUNDLE_IDENTIFIER = in.webstash.WeatherStash;
				PRODUCT_NAME = "$(TARGET_NAME)";
				SWIFT_EMIT_LOC_STRINGS = YES;
				SWIFT_VERSION = 5.0;
				TARGETED_DEVICE_FAMILY = "1,2";
			};
			name = Debug;
		};
		6D7E6DB22860651300BFD2EC /* Release */ = {
			isa = XCBuildConfiguration;
			buildSettings = {
				ASSETCATALOG_COMPILER_APPICON_NAME = AppIcon;
				ASSETCATALOG_COMPILER_GLOBAL_ACCENT_COLOR_NAME = AccentColor;
				CODE_SIGN_STYLE = Automatic;
				CURRENT_PROJECT_VERSION = 1;
				DEVELOPMENT_ASSET_PATHS = "\"WeatherStash/Preview Content\"";
				DEVELOPMENT_TEAM = JFFU48W339;
				ENABLE_PREVIEWS = YES;
				GENERATE_INFOPLIST_FILE = YES;
				INFOPLIST_FILE = WeatherStash/Info.plist;
				INFOPLIST_KEY_UIApplicationSceneManifest_Generation = YES;
				INFOPLIST_KEY_UIApplicationSupportsIndirectInputEvents = YES;
				INFOPLIST_KEY_UILaunchScreen_Generation = YES;
				INFOPLIST_KEY_UISupportedInterfaceOrientations_iPad = "UIInterfaceOrientationPortrait UIInterfaceOrientationPortraitUpsideDown UIInterfaceOrientationLandscapeLeft UIInterfaceOrientationLandscapeRight";
				INFOPLIST_KEY_UISupportedInterfaceOrientations_iPhone = "UIInterfaceOrientationPortrait UIInterfaceOrientationLandscapeLeft UIInterfaceOrientationLandscapeRight";
				LD_RUNPATH_SEARCH_PATHS = (
					"$(inherited)",
					"@executable_path/Frameworks",
				);
				MARKETING_VERSION = 1.0;
				PRODUCT_BUNDLE_IDENTIFIER = in.webstash.WeatherStash;
				PRODUCT_NAME = "$(TARGET_NAME)";
				SWIFT_EMIT_LOC_STRINGS = YES;
				SWIFT_VERSION = 5.0;
				TARGETED_DEVICE_FAMILY = "1,2";
			};
			name = Release;
		};
/* End XCBuildConfiguration section */

/* Begin XCConfigurationList section */
		6D7E6D9D2860650D00BFD2EC /* Build configuration list for PBXProject "WeatherStash" */ = {
			isa = XCConfigurationList;
			buildConfigurations = (
				6D7E6DAE2860651300BFD2EC /* Debug */,
				6D7E6DAF2860651300BFD2EC /* Release */,
			);
			defaultConfigurationIsVisible = 0;
			defaultConfigurationName = Release;
		};
		6D7E6DB02860651300BFD2EC /* Build configuration list for PBXNativeTarget "WeatherStash" */ = {
			isa = XCConfigurationList;
			buildConfigurations = (
				6D7E6DB12860651300BFD2EC /* Debug */,
				6D7E6DB22860651300BFD2EC /* Release */,
			);
			defaultConfigurationIsVisible = 0;
			defaultConfigurationName = Release;
		};
/* End XCConfigurationList section */
	};
	rootObject = 6D7E6D9A2860650D00BFD2EC /* Project object */;
}
